
Microsoft Visual Studio Solution File, Format Version 12.00
# Visual Studio Version 17
VisualStudioVersion = 17.9.34622.214
MinimumVisualStudioVersion = 10.0.40219.1
Project("{FAE04EC0-301F-11D3-BF4B-00C04F79EFBC}") = "pwc.API", "pwc.API\pwc.API.csproj", "{F5268ADA-D27A-43AA-87F4-640FC719B77C}"
EndProject
Project("{FAE04EC0-301F-11D3-BF4B-00C04F79EFBC}") = "pwc.Domain", "pwc.Domain\pwc.Domain.csproj", "{96585BE8-B968-4A4B-AF05-25D187ACD514}"
EndProject
Project("{FAE04EC0-301F-11D3-BF4B-00C04F79EFBC}") = "pwc.Infrastructure", "pwc.Infrastructure\pwc.Infrastructure.csproj", "{B7424F51-5879-4BE3-9B32-74632AB59796}"
EndProject
Project("{FAE04EC0-301F-11D3-BF4B-00C04F79EFBC}") = "pwc.Application", "pwc.Application\pwc.Application.csproj", "{F781DFEB-0959-4A2A-9931-011AAF637139}"
EndProject
Project("{FAE04EC0-301F-11D3-BF4B-00C04F79EFBC}") = "pwc.Repository", "pwc.Repository\pwc.Repository.csproj", "{F5965E7E-34CA-43D1-9D17-67F294D6CB75}"
EndProject
Project("{FAE04EC0-301F-11D3-BF4B-00C04F79EFBC}") = "pwc.Repository.Test", "pwc.Repository.Test\pwc.Repository.Test.csproj", "{22186310-7A64-451E-82A0-3CD6A05066A0}"
EndProject
Project("{FAE04EC0-301F-11D3-BF4B-00C04F79EFBC}") = "pwc.Infrastructure.Test", "pwc.Infrastructure.Test\pwc.Infrastructure.Test.csproj", "{32CCE4A2-6674-4C19-839D-E3097234DD5A}"
EndProject
Project("{E53339B2-1760-4266-BCC7-CA923CBCF16C}") = "docker-compose", "docker-compose.dcproj", "{81DDED9D-158B-E303-5F62-77A2896D2A5A}"
EndProject
Project("{FAE04EC0-301F-11D3-BF4B-00C04F79EFBC}") = "pwc.Extensions", "pwc.Extensions\pwc.Extensions.csproj", "{2F1D6B42-008F-40D7-9421-48B5A0B06CFF}"
EndProject
Global
	GlobalSection(SolutionConfigurationPlatforms) = preSolution
		Debug|Any CPU = Debug|Any CPU
		Release|Any CPU = Release|Any CPU
	EndGlobalSection
	GlobalSection(ProjectConfigurationPlatforms) = postSolution
		{F5268ADA-D27A-43AA-87F4-640FC719B77C}.Debug|Any CPU.ActiveCfg = Debug|Any CPU
		{F5268ADA-D27A-43AA-87F4-640FC719B77C}.Debug|Any CPU.Build.0 = Debug|Any CPU
		{F5268ADA-D27A-43AA-87F4-640FC719B77C}.Release|Any CPU.ActiveCfg = Release|Any CPU
		{F5268ADA-D27A-43AA-87F4-640FC719B77C}.Release|Any CPU.Build.0 = Release|Any CPU
		{96585BE8-B968-4A4B-AF05-25D187ACD514}.Debug|Any CPU.ActiveCfg = Debug|Any CPU
		{96585BE8-B968-4A4B-AF05-25D187ACD514}.Debug|Any CPU.Build.0 = Debug|Any CPU
		{96585BE8-B968-4A4B-AF05-25D187ACD514}.Release|Any CPU.ActiveCfg = Release|Any CPU
		{96585BE8-B968-4A4B-AF05-25D187ACD514}.Release|Any CPU.Build.0 = Release|Any CPU
		{B7424F51-5879-4BE3-9B32-74632AB59796}.Debug|Any CPU.ActiveCfg = Debug|Any CPU
		{B7424F51-5879-4BE3-9B32-74632AB59796}.Debug|Any CPU.Build.0 = Debug|Any CPU
		{B7424F51-5879-4BE3-9B32-74632AB59796}.Release|Any CPU.ActiveCfg = Release|Any CPU
		{B7424F51-5879-4BE3-9B32-74632AB59796}.Release|Any CPU.Build.0 = Release|Any CPU
		{F781DFEB-0959-4A2A-9931-011AAF637139}.Debug|Any CPU.ActiveCfg = Debug|Any CPU
		{F781DFEB-0959-4A2A-9931-011AAF637139}.Debug|Any CPU.Build.0 = Debug|Any CPU
		{F781DFEB-0959-4A2A-9931-011AAF637139}.Release|Any CPU.ActiveCfg = Release|Any CPU
		{F781DFEB-0959-4A2A-9931-011AAF637139}.Release|Any CPU.Build.0 = Release|Any CPU
		{F5965E7E-34CA-43D1-9D17-67F294D6CB75}.Debug|Any CPU.ActiveCfg = Debug|Any CPU
		{F5965E7E-34CA-43D1-9D17-67F294D6CB75}.Debug|Any CPU.Build.0 = Debug|Any CPU
		{F5965E7E-34CA-43D1-9D17-67F294D6CB75}.Release|Any CPU.ActiveCfg = Release|Any CPU
		{F5965E7E-34CA-43D1-9D17-67F294D6CB75}.Release|Any CPU.Build.0 = Release|Any CPU
		{22186310-7A64-451E-82A0-3CD6A05066A0}.Debug|Any CPU.ActiveCfg = Debug|Any CPU
		{22186310-7A64-451E-82A0-3CD6A05066A0}.Debug|Any CPU.Build.0 = Debug|Any CPU
		{22186310-7A64-451E-82A0-3CD6A05066A0}.Release|Any CPU.ActiveCfg = Release|Any CPU
		{22186310-7A64-451E-82A0-3CD6A05066A0}.Release|Any CPU.Build.0 = Release|Any CPU
		{32CCE4A2-6674-4C19-839D-E3097234DD5A}.Debug|Any CPU.ActiveCfg = Debug|Any CPU
		{32CCE4A2-6674-4C19-839D-E3097234DD5A}.Debug|Any CPU.Build.0 = Debug|Any CPU
		{32CCE4A2-6674-4C19-839D-E3097234DD5A}.Release|Any CPU.ActiveCfg = Release|Any CPU
		{32CCE4A2-6674-4C19-839D-E3097234DD5A}.Release|Any CPU.Build.0 = Release|Any CPU
		{81DDED9D-158B-E303-5F62-77A2896D2A5A}.Debug|Any CPU.ActiveCfg = Debug|Any CPU
		{81DDED9D-158B-E303-5F62-77A2896D2A5A}.Debug|Any CPU.Build.0 = Debug|Any CPU
		{81DDED9D-158B-E303-5F62-77A2896D2A5A}.Release|Any CPU.ActiveCfg = Release|Any CPU
		{81DDED9D-158B-E303-5F62-77A2896D2A5A}.Release|Any CPU.Build.0 = Release|Any CPU
		{2F1D6B42-008F-40D7-9421-48B5A0B06CFF}.Debug|Any CPU.ActiveCfg = Debug|Any CPU
		{2F1D6B42-008F-40D7-9421-48B5A0B06CFF}.Debug|Any CPU.Build.0 = Debug|Any CPU
		{2F1D6B42-008F-40D7-9421-48B5A0B06CFF}.Release|Any CPU.ActiveCfg = Release|Any CPU
		{2F1D6B42-008F-40D7-9421-48B5A0B06CFF}.Release|Any CPU.Build.0 = Release|Any CPU
	EndGlobalSection
	GlobalSection(SolutionProperties) = preSolution
		HideSolutionNode = FALSE
	EndGlobalSection
	GlobalSection(ExtensibilityGlobals) = postSolution
		SolutionGuid = {BBB36AEB-5F77-4295-B534-8E5094E0C387}
	EndGlobalSection
EndGlobal
